github.com/bradfitz/ip2asn v0.0.0-20200601024024-5f8625d7bed5 h1:rTdsfnf5kO5Xttim/CqQYIc7bP0HisT+B7JzXOCkfzA=
github.com/bradfitz/ip2asn v0.0.0-20200601024024-5f8625d7bed5/go.mod h1:pCVIEYAle2p1/Xx9knSOrIUiLN8CxvxLrRm0cv1yzJI=
github.com/davecgh/go-spew v1.1.0 h1:ZDRjVQ15GmhC3fiQ8ni8+OwkZQO4DARzQgrnXU1Liz8=
github.com/davecgh/go-spew v1.1.0/go.mod h1:J7Y8YcW2NihsgmVo/mv3lAwl/skON4iLHjSsI+c5H38=
github.com/jreisinger/checkip v0.0.0-20200605123120-2f0fcc950e12 h1:U1+yZz0xIduT+wauowhxxuBZKkSjYv/1X8V8d5MmNL4=
github.com/jreisinger/checkip v0.0.0-20200605123120-2f0fcc950e12/go.mod h1:uLrvW05xO8GGDYszkMKX3xnX0faFaZORswR26IukFHI=
github.com/jreisinger/geoip v0.0.0-20200610221001-fdc24cadbb4d h1:0ptOVRryk23TZDNFShqEDwSA5mSx/bGFMJY2flfFIYo=
github.com/jreisinger/geoip v0.0.0-20200610221001-fdc24cadbb4d/go.mod h1:TSjwM+p3o6ZSepz3WEDFr8dc3fO/035a+z5L0toJw8M=
github.com/kylelemons/go-gypsy v1.0.0 h1:7/wQ7A3UL1bnqRMnZ6T8cwCOArfZCxFmb1iTxaOOo1s=
github.com/kylelemons/go-gypsy v1.0.0/go.mod h1:chkXM0zjdpXOiqkCW1XcCHDfjfk14PH2KKkQWxfJUcU=
github.com/oschwald/geoip2-golang v1.4.0 h1:5RlrjCgRyIGDz/mBmPfnAF4h8k0IAcRv9PvrpOfz+Ug=
github.com/oschwald/geoip2-golang v1.4.0/go.mod h1:8QwxJvRImBH+Zl6Aa6MaIcs5YdlZSTKtzmPGzQqi9ng=
github.com/oschwald/maxminddb-golang v1.6.0 h1:KAJSjdHQ8Kv45nFIbtoLGrGWqHFajOIm7skTyz/+Dls=
github.com/oschwald/maxminddb-golang v1.6.0/go.mod h1:DUJFucBg2cvqx42YmDa/+xHvb0elJtOm3o4aFQ/nb/w=
github.com/pmezard/go-difflib v1.0.0 h1:4DBwDE0NGyQoBHbLQYPwSUPoCMWR5BEzIk/f1lZbAQM=
github.com/pmezard/go-difflib v1.0.0/go.mod h1:iKH77koFhYxTK1pcRnkKkqfTogsbg7gZNVY4sRDYZ/4=
github.com/stretchr/objx v0.1.0/go.mod h1:HFkY916IF+rwdDfMAkV7OtwuqBVzrE8GR6GFx+wExME=
github.com/stretchr/testify v1.4.0 h1:2E4SXV/wtOkTonXsotYi4li6zVWxYlZuYNCXe9XRJyk=
github.com/stretchr/testify v1.4.0/go.mod h1:j7eGeouHqKxXV5pUuKE4zz7dFj8WfuZ+81PSLYec5m4=
go4.org/mem v0.0.0-20200601023850-d8ee1dfa5518 h1:AA3bSGklCgkrqIGnvL4894oa/2K9ltE0RejXh8CgyvA=
go4.org/mem v0.0.0-20200601023850-d8ee1dfa5518/go.mod h1:NEYvpHWemiG/E5UWfaN5QAIGZeT1sa0Z2UNk6oeMb/k=
golang.org/x/sys v0.0.0-20191224085550-c709ea063b76 h1:Dho5nD6R3PcW2SH1or8vS0dszDaXRxIw55lBX7XiE5g=
golang.org/x/sys v0.0.0-20191224085550-c709ea063b76/go.mod h1:h1NjWce9XRLGQEsW7wpKNCjG9DtNlClVuFLEZdDNbEs=
gopkg.in/check.v1 v0.0.0-20161208181325-20d25e280405 h1:yhCVgyC4o1eVCa2tZl7eS0r+SDo693bJlVdllGtEeKM=
gopkg.in/check.v1 v0.0.0-20161208181325-20d25e280405/go.mod h1:Co6ibVJAznAaIkqp8huTwlJQCZ016jof/cbN4VW5Yz0=
gopkg.in/yaml.v2 v2.2.2 h1:ZCJp+EgiOT7lHqUV2J862kp8Qj64Jo6az82+3Td9dZw=
gopkg.in/yaml.v2 v2.2.2/go.mod h1:hI93XBmqTisBFMUTm0b8Fm+jr3Dg1NNxqwp+5A1VGuI=
inet.af/netaddr v0.0.0-20200430175045-5aaf2097c7fc h1:We3b/z+7i9LV4Ls0yWve5vYIlnAPSPeqxKVgZseRDBs=
inet.af/netaddr v0.0.0-20200430175045-5aaf2097c7fc/go.mod h1:qqYzz/2whtrbWJvt+DNWQyvekNN4ePQZcg2xc2/Yjww=
